
Microsoft Visual Studio Solution File, Format Version 12.00
# Visual Studio 15
VisualStudioVersion = 15.0.27428.2043
MinimumVisualStudioVersion = 10.0.40219.1
Project("{FAE04EC0-301F-11D3-BF4B-00C04F79EFBC}") = "BitRiseApp.Android", "BitRiseApp\BitRiseApp.Android\BitRiseApp.Android.csproj", "{862D7F1C-D99F-4883-B4AB-86906D682930}"
EndProject
Project("{FAE04EC0-301F-11D3-BF4B-00C04F79EFBC}") = "BitRiseApp.iOS", "BitRiseApp\BitRiseApp.iOS\BitRiseApp.iOS.csproj", "{FCF9288A-CEB7-4F6A-8E9B-DAB9BA993C65}"
EndProject
Project("{FAE04EC0-301F-11D3-BF4B-00C04F79EFBC}") = "BitRiseApp.UWP", "BitRiseApp\BitRiseApp.UWP\BitRiseApp.UWP.csproj", "{FB028F69-BEC1-42FC-B625-FD3A5C83AE3D}"
EndProject
Project("{FAE04EC0-301F-11D3-BF4B-00C04F79EFBC}") = "BitRiseApp", "BitRiseApp\BitRiseApp\BitRiseApp.csproj", "{9FE32B93-AB5E-430C-BCFE-8A8A45CD5C54}"
EndProject
Global
	GlobalSection(SolutionConfigurationPlatforms) = preSolution
		Ad-Hoc|Any CPU = Ad-Hoc|Any CPU
		Ad-Hoc|ARM = Ad-Hoc|ARM
		Ad-Hoc|iPhone = Ad-Hoc|iPhone
		Ad-Hoc|iPhoneSimulator = Ad-Hoc|iPhoneSimulator
		Ad-Hoc|x64 = Ad-Hoc|x64
		Ad-Hoc|x86 = Ad-Hoc|x86
		AppStore|Any CPU = AppStore|Any CPU
		AppStore|ARM = AppStore|ARM
		AppStore|iPhone = AppStore|iPhone
		AppStore|iPhoneSimulator = AppStore|iPhoneSimulator
		AppStore|x64 = AppStore|x64
		AppStore|x86 = AppStore|x86
		Debug|Any CPU = Debug|Any CPU
		Debug|ARM = Debug|ARM
		Debug|iPhone = Debug|iPhone
		Debug|iPhoneSimulator = Debug|iPhoneSimulator
		Debug|x64 = Debug|x64
		Debug|x86 = Debug|x86
		Release|Any CPU = Release|Any CPU
		Release|ARM = Release|ARM
		Release|iPhone = Release|iPhone
		Release|iPhoneSimulator = Release|iPhoneSimulator
		Release|x64 = Release|x64
		Release|x86 = Release|x86
	EndGlobalSection
	GlobalSection(ProjectConfigurationPlatforms) = postSolution
		{862D7F1C-D99F-4883-B4AB-86906D682930}.Ad-Hoc|Any CPU.ActiveCfg = Release|Any CPU
		{862D7F1C-D99F-4883-B4AB-86906D682930}.Ad-Hoc|Any CPU.Build.0 = Release|Any CPU
		{862D7F1C-D99F-4883-B4AB-86906D682930}.Ad-Hoc|Any CPU.Deploy.0 = Release|Any CPU
		{862D7F1C-D99F-4883-B4AB-86906D682930}.Ad-Hoc|ARM.ActiveCfg = Release|Any CPU
		{862D7F1C-D99F-4883-B4AB-86906D682930}.Ad-Hoc|ARM.Build.0 = Release|Any CPU
		{862D7F1C-D99F-4883-B4AB-86906D682930}.Ad-Hoc|ARM.Deploy.0 = Release|Any CPU
		{862D7F1C-D99F-4883-B4AB-86906D682930}.Ad-Hoc|iPhone.ActiveCfg = Release|Any CPU
		{862D7F1C-D99F-4883-B4AB-86906D682930}.Ad-Hoc|iPhone.Build.0 = Release|Any CPU
		{862D7F1C-D99F-4883-B4AB-86906D682930}.Ad-Hoc|iPhone.Deploy.0 = Release|Any CPU
		{862D7F1C-D99F-4883-B4AB-86906D682930}.Ad-Hoc|iPhoneSimulator.ActiveCfg = Release|Any CPU
		{862D7F1C-D99F-4883-B4AB-86906D682930}.Ad-Hoc|iPhoneSimulator.Build.0 = Release|Any CPU
		{862D7F1C-D99F-4883-B4AB-86906D682930}.Ad-Hoc|iPhoneSimulator.Deploy.0 = Release|Any CPU
		{862D7F1C-D99F-4883-B4AB-86906D682930}.Ad-Hoc|x64.ActiveCfg = Release|Any CPU
		{862D7F1C-D99F-4883-B4AB-86906D682930}.Ad-Hoc|x64.Build.0 = Release|Any CPU
		{862D7F1C-D99F-4883-B4AB-86906D682930}.Ad-Hoc|x64.Deploy.0 = Release|Any CPU
		{862D7F1C-D99F-4883-B4AB-86906D682930}.Ad-Hoc|x86.ActiveCfg = Release|Any CPU
		{862D7F1C-D99F-4883-B4AB-86906D682930}.Ad-Hoc|x86.Build.0 = Release|Any CPU
		{862D7F1C-D99F-4883-B4AB-86906D682930}.Ad-Hoc|x86.Deploy.0 = Release|Any CPU
		{862D7F1C-D99F-4883-B4AB-86906D682930}.AppStore|Any CPU.ActiveCfg = Release|Any CPU
		{862D7F1C-D99F-4883-B4AB-86906D682930}.AppStore|Any CPU.Build.0 = Release|Any CPU
		{862D7F1C-D99F-4883-B4AB-86906D682930}.AppStore|Any CPU.Deploy.0 = Release|Any CPU
		{862D7F1C-D99F-4883-B4AB-86906D682930}.AppStore|ARM.ActiveCfg = Release|Any CPU
		{862D7F1C-D99F-4883-B4AB-86906D682930}.AppStore|ARM.Build.0 = Release|Any CPU
		{862D7F1C-D99F-4883-B4AB-86906D682930}.AppStore|ARM.Deploy.0 = Release|Any CPU
		{862D7F1C-D99F-4883-B4AB-86906D682930}.AppStore|iPhone.ActiveCfg = Release|Any CPU
		{862D7F1C-D99F-4883-B4AB-86906D682930}.AppStore|iPhone.Build.0 = Release|Any CPU
		{862D7F1C-D99F-4883-B4AB-86906D682930}.AppStore|iPhone.Deploy.0 = Release|Any CPU
		{862D7F1C-D99F-4883-B4AB-86906D682930}.AppStore|iPhoneSimulator.ActiveCfg = Release|Any CPU
		{862D7F1C-D99F-4883-B4AB-86906D682930}.AppStore|iPhoneSimulator.Build.0 = Release|Any CPU
		{862D7F1C-D99F-4883-B4AB-86906D682930}.AppStore|iPhoneSimulator.Deploy.0 = Release|Any CPU
		{862D7F1C-D99F-4883-B4AB-86906D682930}.AppStore|x64.ActiveCfg = Release|Any CPU
		{862D7F1C-D99F-4883-B4AB-86906D682930}.AppStore|x64.Build.0 = Release|Any CPU
		{862D7F1C-D99F-4883-B4AB-86906D682930}.AppStore|x64.Deploy.0 = Release|Any CPU
		{862D7F1C-D99F-4883-B4AB-86906D682930}.AppStore|x86.ActiveCfg = Release|Any CPU
		{862D7F1C-D99F-4883-B4AB-86906D682930}.AppStore|x86.Build.0 = Release|Any CPU
		{862D7F1C-D99F-4883-B4AB-86906D682930}.AppStore|x86.Deploy.0 = Release|Any CPU
		{862D7F1C-D99F-4883-B4AB-86906D682930}.Debug|Any CPU.ActiveCfg = Debug|Any CPU
		{862D7F1C-D99F-4883-B4AB-86906D682930}.Debug|Any CPU.Build.0 = Debug|Any CPU
		{862D7F1C-D99F-4883-B4AB-86906D682930}.Debug|Any CPU.Deploy.0 = Debug|Any CPU
		{862D7F1C-D99F-4883-B4AB-86906D682930}.Debug|ARM.ActiveCfg = Debug|Any CPU
		{862D7F1C-D99F-4883-B4AB-86906D682930}.Debug|ARM.Build.0 = Debug|Any CPU
		{862D7F1C-D99F-4883-B4AB-86906D682930}.Debug|ARM.Deploy.0 = Debug|Any CPU
		{862D7F1C-D99F-4883-B4AB-86906D682930}.Debug|iPhone.ActiveCfg = Debug|Any CPU
		{862D7F1C-D99F-4883-B4AB-86906D682930}.Debug|iPhone.Build.0 = Debug|Any CPU
		{862D7F1C-D99F-4883-B4AB-86906D682930}.Debug|iPhone.Deploy.0 = Debug|Any CPU
		{862D7F1C-D99F-4883-B4AB-86906D682930}.Debug|iPhoneSimulator.ActiveCfg = Debug|Any CPU
		{862D7F1C-D99F-4883-B4AB-86906D682930}.Debug|iPhoneSimulator.Build.0 = Debug|Any CPU
		{862D7F1C-D99F-4883-B4AB-86906D682930}.Debug|iPhoneSimulator.Deploy.0 = Debug|Any CPU
		{862D7F1C-D99F-4883-B4AB-86906D682930}.Debug|x64.ActiveCfg = Debug|Any CPU
		{862D7F1C-D99F-4883-B4AB-86906D682930}.Debug|x64.Build.0 = Debug|Any CPU
		{862D7F1C-D99F-4883-B4AB-86906D682930}.Debug|x64.Deploy.0 = Debug|Any CPU
		{862D7F1C-D99F-4883-B4AB-86906D682930}.Debug|x86.ActiveCfg = Debug|Any CPU
		{862D7F1C-D99F-4883-B4AB-86906D682930}.Debug|x86.Build.0 = Debug|Any CPU
		{862D7F1C-D99F-4883-B4AB-86906D682930}.Debug|x86.Deploy.0 = Debug|Any CPU
		{862D7F1C-D99F-4883-B4AB-86906D682930}.Release|Any CPU.ActiveCfg = Release|Any CPU
		{862D7F1C-D99F-4883-B4AB-86906D682930}.Release|Any CPU.Build.0 = Release|Any CPU
		{862D7F1C-D99F-4883-B4AB-86906D682930}.Release|Any CPU.Deploy.0 = Release|Any CPU
		{862D7F1C-D99F-4883-B4AB-86906D682930}.Release|ARM.ActiveCfg = Release|Any CPU
		{862D7F1C-D99F-4883-B4AB-86906D682930}.Release|ARM.Build.0 = Release|Any CPU
		{862D7F1C-D99F-4883-B4AB-86906D682930}.Release|ARM.Deploy.0 = Release|Any CPU
		{862D7F1C-D99F-4883-B4AB-86906D682930}.Release|iPhone.ActiveCfg = Release|Any CPU
		{862D7F1C-D99F-4883-B4AB-86906D682930}.Release|iPhone.Build.0 = Release|Any CPU
		{862D7F1C-D99F-4883-B4AB-86906D682930}.Release|iPhone.Deploy.0 = Release|Any CPU
		{862D7F1C-D99F-4883-B4AB-86906D682930}.Release|iPhoneSimulator.ActiveCfg = Release|Any CPU
		{862D7F1C-D99F-4883-B4AB-86906D682930}.Release|iPhoneSimulator.Build.0 = Release|Any CPU
		{862D7F1C-D99F-4883-B4AB-86906D682930}.Release|iPhoneSimulator.Deploy.0 = Release|Any CPU
		{862D7F1C-D99F-4883-B4AB-86906D682930}.Release|x64.ActiveCfg = Release|Any CPU
		{862D7F1C-D99F-4883-B4AB-86906D682930}.Release|x64.Build.0 = Release|Any CPU
		{862D7F1C-D99F-4883-B4AB-86906D682930}.Release|x64.Deploy.0 = Release|Any CPU
		{862D7F1C-D99F-4883-B4AB-86906D682930}.Release|x86.ActiveCfg = Release|Any CPU
		{862D7F1C-D99F-4883-B4AB-86906D682930}.Release|x86.Build.0 = Release|Any CPU
		{862D7F1C-D99F-4883-B4AB-86906D682930}.Release|x86.Deploy.0 = Release|Any CPU
		{FCF9288A-CEB7-4F6A-8E9B-DAB9BA993C65}.Ad-Hoc|Any CPU.ActiveCfg = Ad-Hoc|iPhone
		{FCF9288A-CEB7-4F6A-8E9B-DAB9BA993C65}.Ad-Hoc|ARM.ActiveCfg = Ad-Hoc|iPhone
		{FCF9288A-CEB7-4F6A-8E9B-DAB9BA993C65}.Ad-Hoc|iPhone.ActiveCfg = Ad-Hoc|iPhone
		{FCF9288A-CEB7-4F6A-8E9B-DAB9BA993C65}.Ad-Hoc|iPhone.Build.0 = Ad-Hoc|iPhone
		{FCF9288A-CEB7-4F6A-8E9B-DAB9BA993C65}.Ad-Hoc|iPhoneSimulator.ActiveCfg = Ad-Hoc|iPhoneSimulator
		{FCF9288A-CEB7-4F6A-8E9B-DAB9BA993C65}.Ad-Hoc|iPhoneSimulator.Build.0 = Ad-Hoc|iPhoneSimulator
		{FCF9288A-CEB7-4F6A-8E9B-DAB9BA993C65}.Ad-Hoc|x64.ActiveCfg = Ad-Hoc|iPhone
		{FCF9288A-CEB7-4F6A-8E9B-DAB9BA993C65}.Ad-Hoc|x86.ActiveCfg = Ad-Hoc|iPhone
		{FCF9288A-CEB7-4F6A-8E9B-DAB9BA993C65}.AppStore|Any CPU.ActiveCfg = AppStore|iPhone
		{FCF9288A-CEB7-4F6A-8E9B-DAB9BA993C65}.AppStore|ARM.ActiveCfg = AppStore|iPhone
		{FCF9288A-CEB7-4F6A-8E9B-DAB9BA993C65}.AppStore|iPhone.ActiveCfg = AppStore|iPhone
		{FCF9288A-CEB7-4F6A-8E9B-DAB9BA993C65}.AppStore|iPhone.Build.0 = AppStore|iPhone
		{FCF9288A-CEB7-4F6A-8E9B-DAB9BA993C65}.AppStore|iPhoneSimulator.ActiveCfg = AppStore|iPhoneSimulator
		{FCF9288A-CEB7-4F6A-8E9B-DAB9BA993C65}.AppStore|iPhoneSimulator.Build.0 = AppStore|iPhoneSimulator
		{FCF9288A-CEB7-4F6A-8E9B-DAB9BA993C65}.AppStore|x64.ActiveCfg = AppStore|iPhone
		{FCF9288A-CEB7-4F6A-8E9B-DAB9BA993C65}.AppStore|x86.ActiveCfg = AppStore|iPhone
		{FCF9288A-CEB7-4F6A-8E9B-DAB9BA993C65}.Debug|Any CPU.ActiveCfg = Debug|iPhone
		{FCF9288A-CEB7-4F6A-8E9B-DAB9BA993C65}.Debug|ARM.ActiveCfg = Debug|iPhone
		{FCF9288A-CEB7-4F6A-8E9B-DAB9BA993C65}.Debug|iPhone.ActiveCfg = Debug|iPhone
		{FCF9288A-CEB7-4F6A-8E9B-DAB9BA993C65}.Debug|iPhone.Build.0 = Debug|iPhone
		{FCF9288A-CEB7-4F6A-8E9B-DAB9BA993C65}.Debug|iPhoneSimulator.ActiveCfg = Debug|iPhoneSimulator
		{FCF9288A-CEB7-4F6A-8E9B-DAB9BA993C65}.Debug|iPhoneSimulator.Build.0 = Debug|iPhoneSimulator
		{FCF9288A-CEB7-4F6A-8E9B-DAB9BA993C65}.Debug|x64.ActiveCfg = Debug|iPhone
		{FCF9288A-CEB7-4F6A-8E9B-DAB9BA993C65}.Debug|x86.ActiveCfg = Debug|iPhone
		{FCF9288A-CEB7-4F6A-8E9B-DAB9BA993C65}.Release|Any CPU.ActiveCfg = Release|iPhone
		{FCF9288A-CEB7-4F6A-8E9B-DAB9BA993C65}.Release|ARM.ActiveCfg = Release|iPhone
		{FCF9288A-CEB7-4F6A-8E9B-DAB9BA993C65}.Release|iPhone.ActiveCfg = Release|iPhone
		{FCF9288A-CEB7-4F6A-8E9B-DAB9BA993C65}.Release|iPhone.Build.0 = Release|iPhone
		{FCF9288A-CEB7-4F6A-8E9B-DAB9BA993C65}.Release|iPhoneSimulator.ActiveCfg = Release|iPhoneSimulator
		{FCF9288A-CEB7-4F6A-8E9B-DAB9BA993C65}.Release|iPhoneSimulator.Build.0 = Release|iPhoneSimulator
		{FCF9288A-CEB7-4F6A-8E9B-DAB9BA993C65}.Release|x64.ActiveCfg = Release|iPhone
		{FCF9288A-CEB7-4F6A-8E9B-DAB9BA993C65}.Release|x86.ActiveCfg = Release|iPhone
		{FB028F69-BEC1-42FC-B625-FD3A5C83AE3D}.Ad-Hoc|Any CPU.ActiveCfg = Release|x86
		{FB028F69-BEC1-42FC-B625-FD3A5C83AE3D}.Ad-Hoc|Any CPU.Build.0 = Release|x86
		{FB028F69-BEC1-42FC-B625-FD3A5C83AE3D}.Ad-Hoc|Any CPU.Deploy.0 = Release|x86
		{FB028F69-BEC1-42FC-B625-FD3A5C83AE3D}.Ad-Hoc|ARM.ActiveCfg = Release|ARM
		{FB028F69-BEC1-42FC-B625-FD3A5C83AE3D}.Ad-Hoc|ARM.Build.0 = Release|ARM
		{FB028F69-BEC1-42FC-B625-FD3A5C83AE3D}.Ad-Hoc|ARM.Deploy.0 = Release|ARM
		{FB028F69-BEC1-42FC-B625-FD3A5C83AE3D}.Ad-Hoc|iPhone.ActiveCfg = Release|x86
		{FB028F69-BEC1-42FC-B625-FD3A5C83AE3D}.Ad-Hoc|iPhone.Build.0 = Release|x86
		{FB028F69-BEC1-42FC-B625-FD3A5C83AE3D}.Ad-Hoc|iPhone.Deploy.0 = Release|x86
		{FB028F69-BEC1-42FC-B625-FD3A5C83AE3D}.Ad-Hoc|iPhoneSimulator.ActiveCfg = Release|x86
		{FB028F69-BEC1-42FC-B625-FD3A5C83AE3D}.Ad-Hoc|iPhoneSimulator.Build.0 = Release|x86
		{FB028F69-BEC1-42FC-B625-FD3A5C83AE3D}.Ad-Hoc|iPhoneSimulator.Deploy.0 = Release|x86
		{FB028F69-BEC1-42FC-B625-FD3A5C83AE3D}.Ad-Hoc|x64.ActiveCfg = Release|x64
		{FB028F69-BEC1-42FC-B625-FD3A5C83AE3D}.Ad-Hoc|x64.Build.0 = Release|x64
		{FB028F69-BEC1-42FC-B625-FD3A5C83AE3D}.Ad-Hoc|x64.Deploy.0 = Release|x64
		{FB028F69-BEC1-42FC-B625-FD3A5C83AE3D}.Ad-Hoc|x86.ActiveCfg = Release|x86
		{FB028F69-BEC1-42FC-B625-FD3A5C83AE3D}.Ad-Hoc|x86.Build.0 = Release|x86
		{FB028F69-BEC1-42FC-B625-FD3A5C83AE3D}.Ad-Hoc|x86.Deploy.0 = Release|x86
		{FB028F69-BEC1-42FC-B625-FD3A5C83AE3D}.AppStore|Any CPU.ActiveCfg = Release|x86
		{FB028F69-BEC1-42FC-B625-FD3A5C83AE3D}.AppStore|Any CPU.Build.0 = Release|x86
		{FB028F69-BEC1-42FC-B625-FD3A5C83AE3D}.AppStore|Any CPU.Deploy.0 = Release|x86
		{FB028F69-BEC1-42FC-B625-FD3A5C83AE3D}.AppStore|ARM.ActiveCfg = Release|ARM
		{FB028F69-BEC1-42FC-B625-FD3A5C83AE3D}.AppStore|ARM.Build.0 = Release|ARM
		{FB028F69-BEC1-42FC-B625-FD3A5C83AE3D}.AppStore|ARM.Deploy.0 = Release|ARM
		{FB028F69-BEC1-42FC-B625-FD3A5C83AE3D}.AppStore|iPhone.ActiveCfg = Release|x86
		{FB028F69-BEC1-42FC-B625-FD3A5C83AE3D}.AppStore|iPhone.Build.0 = Release|x86
		{FB028F69-BEC1-42FC-B625-FD3A5C83AE3D}.AppStore|iPhone.Deploy.0 = Release|x86
		{FB028F69-BEC1-42FC-B625-FD3A5C83AE3D}.AppStore|iPhoneSimulator.ActiveCfg = Release|x86
		{FB028F69-BEC1-42FC-B625-FD3A5C83AE3D}.AppStore|iPhoneSimulator.Build.0 = Release|x86
		{FB028F69-BEC1-42FC-B625-FD3A5C83AE3D}.AppStore|iPhoneSimulator.Deploy.0 = Release|x86
		{FB028F69-BEC1-42FC-B625-FD3A5C83AE3D}.AppStore|x64.ActiveCfg = Release|x64
		{FB028F69-BEC1-42FC-B625-FD3A5C83AE3D}.AppStore|x64.Build.0 = Release|x64
		{FB028F69-BEC1-42FC-B625-FD3A5C83AE3D}.AppStore|x64.Deploy.0 = Release|x64
		{FB028F69-BEC1-42FC-B625-FD3A5C83AE3D}.AppStore|x86.ActiveCfg = Release|x86
		{FB028F69-BEC1-42FC-B625-FD3A5C83AE3D}.AppStore|x86.Build.0 = Release|x86
		{FB028F69-BEC1-42FC-B625-FD3A5C83AE3D}.AppStore|x86.Deploy.0 = Release|x86
		{FB028F69-BEC1-42FC-B625-FD3A5C83AE3D}.Debug|Any CPU.ActiveCfg = Debug|x86
		{FB028F69-BEC1-42FC-B625-FD3A5C83AE3D}.Debug|ARM.ActiveCfg = Debug|ARM
		{FB028F69-BEC1-42FC-B625-FD3A5C83AE3D}.Debug|ARM.Build.0 = Debug|ARM
		{FB028F69-BEC1-42FC-B625-FD3A5C83AE3D}.Debug|ARM.Deploy.0 = Debug|ARM
		{FB028F69-BEC1-42FC-B625-FD3A5C83AE3D}.Debug|iPhone.ActiveCfg = Debug|x86
		{FB028F69-BEC1-42FC-B625-FD3A5C83AE3D}.Debug|iPhoneSimulator.ActiveCfg = Debug|x86
		{FB028F69-BEC1-42FC-B625-FD3A5C83AE3D}.Debug|x64.ActiveCfg = Debug|x64
		{FB028F69-BEC1-42FC-B625-FD3A5C83AE3D}.Debug|x64.Build.0 = Debug|x64
		{FB028F69-BEC1-42FC-B625-FD3A5C83AE3D}.Debug|x64.Deploy.0 = Debug|x64
		{FB028F69-BEC1-42FC-B625-FD3A5C83AE3D}.Debug|x86.ActiveCfg = Debug|x86
		{FB028F69-BEC1-42FC-B625-FD3A5C83AE3D}.Debug|x86.Build.0 = Debug|x86
		{FB028F69-BEC1-42FC-B625-FD3A5C83AE3D}.Debug|x86.Deploy.0 = Debug|x86
		{FB028F69-BEC1-42FC-B625-FD3A5C83AE3D}.Release|Any CPU.ActiveCfg = Release|x86
		{FB028F69-BEC1-42FC-B625-FD3A5C83AE3D}.Release|ARM.ActiveCfg = Release|ARM
		{FB028F69-BEC1-42FC-B625-FD3A5C83AE3D}.Release|ARM.Build.0 = Release|ARM
		{FB028F69-BEC1-42FC-B625-FD3A5C83AE3D}.Release|ARM.Deploy.0 = Release|ARM
		{FB028F69-BEC1-42FC-B625-FD3A5C83AE3D}.Release|iPhone.ActiveCfg = Release|x86
		{FB028F69-BEC1-42FC-B625-FD3A5C83AE3D}.Release|iPhoneSimulator.ActiveCfg = Release|x86
		{FB028F69-BEC1-42FC-B625-FD3A5C83AE3D}.Release|x64.ActiveCfg = Release|x64
		{FB028F69-BEC1-42FC-B625-FD3A5C83AE3D}.Release|x64.Build.0 = Release|x64
		{FB028F69-BEC1-42FC-B625-FD3A5C83AE3D}.Release|x64.Deploy.0 = Release|x64
		{FB028F69-BEC1-42FC-B625-FD3A5C83AE3D}.Release|x86.ActiveCfg = Release|x86
		{FB028F69-BEC1-42FC-B625-FD3A5C83AE3D}.Release|x86.Build.0 = Release|x86
		{FB028F69-BEC1-42FC-B625-FD3A5C83AE3D}.Release|x86.Deploy.0 = Release|x86
		{9FE32B93-AB5E-430C-BCFE-8A8A45CD5C54}.Ad-Hoc|Any CPU.ActiveCfg = Debug|Any CPU
		{9FE32B93-AB5E-430C-BCFE-8A8A45CD5C54}.Ad-Hoc|Any CPU.Build.0 = Debug|Any CPU
		{9FE32B93-AB5E-430C-BCFE-8A8A45CD5C54}.Ad-Hoc|ARM.ActiveCfg = Debug|Any CPU
		{9FE32B93-AB5E-430C-BCFE-8A8A45CD5C54}.Ad-Hoc|ARM.Build.0 = Debug|Any CPU
		{9FE32B93-AB5E-430C-BCFE-8A8A45CD5C54}.Ad-Hoc|iPhone.ActiveCfg = Debug|Any CPU
		{9FE32B93-AB5E-430C-BCFE-8A8A45CD5C54}.Ad-Hoc|iPhone.Build.0 = Debug|Any CPU
		{9FE32B93-AB5E-430C-BCFE-8A8A45CD5C54}.Ad-Hoc|iPhoneSimulator.ActiveCfg = Debug|Any CPU
		{9FE32B93-AB5E-430C-BCFE-8A8A45CD5C54}.Ad-Hoc|iPhoneSimulator.Build.0 = Debug|Any CPU
		{9FE32B93-AB5E-430C-BCFE-8A8A45CD5C54}.Ad-Hoc|x64.ActiveCfg = Debug|Any CPU
		{9FE32B93-AB5E-430C-BCFE-8A8A45CD5C54}.Ad-Hoc|x64.Build.0 = Debug|Any CPU
		{9FE32B93-AB5E-430C-BCFE-8A8A45CD5C54}.Ad-Hoc|x86.ActiveCfg = Debug|Any CPU
		{9FE32B93-AB5E-430C-BCFE-8A8A45CD5C54}.Ad-Hoc|x86.Build.0 = Debug|Any CPU
		{9FE32B93-AB5E-430C-BCFE-8A8A45CD5C54}.AppStore|Any CPU.ActiveCfg = Debug|Any CPU
		{9FE32B93-AB5E-430C-BCFE-8A8A45CD5C54}.AppStore|Any CPU.Build.0 = Debug|Any CPU
		{9FE32B93-AB5E-430C-BCFE-8A8A45CD5C54}.AppStore|ARM.ActiveCfg = Debug|Any CPU
		{9FE32B93-AB5E-430C-BCFE-8A8A45CD5C54}.AppStore|ARM.Build.0 = Debug|Any CPU
		{9FE32B93-AB5E-430C-BCFE-8A8A45CD5C54}.AppStore|iPhone.ActiveCfg = Debug|Any CPU
		{9FE32B93-AB5E-430C-BCFE-8A8A45CD5C54}.AppStore|iPhone.Build.0 = Debug|Any CPU
		{9FE32B93-AB5E-430C-BCFE-8A8A45CD5C54}.AppStore|iPhoneSimulator.ActiveCfg = Debug|Any CPU
		{9FE32B93-AB5E-430C-BCFE-8A8A45CD5C54}.AppStore|iPhoneSimulator.Build.0 = Debug|Any CPU
		{9FE32B93-AB5E-430C-BCFE-8A8A45CD5C54}.AppStore|x64.ActiveCfg = Debug|Any CPU
		{9FE32B93-AB5E-430C-BCFE-8A8A45CD5C54}.AppStore|x64.Build.0 = Debug|Any CPU
		{9FE32B93-AB5E-430C-BCFE-8A8A45CD5C54}.AppStore|x86.ActiveCfg = Debug|Any CPU
		{9FE32B93-AB5E-430C-BCFE-8A8A45CD5C54}.AppStore|x86.Build.0 = Debug|Any CPU
		{9FE32B93-AB5E-430C-BCFE-8A8A45CD5C54}.Debug|Any CPU.ActiveCfg = Debug|Any CPU
		{9FE32B93-AB5E-430C-BCFE-8A8A45CD5C54}.Debug|Any CPU.Build.0 = Debug|Any CPU
		{9FE32B93-AB5E-430C-BCFE-8A8A45CD5C54}.Debug|ARM.ActiveCfg = Debug|Any CPU
		{9FE32B93-AB5E-430C-BCFE-8A8A45CD5C54}.Debug|ARM.Build.0 = Debug|Any CPU
		{9FE32B93-AB5E-430C-BCFE-8A8A45CD5C54}.Debug|iPhone.ActiveCfg = Debug|Any CPU
		{9FE32B93-AB5E-430C-BCFE-8A8A45CD5C54}.Debug|iPhone.Build.0 = Debug|Any CPU
		{9FE32B93-AB5E-430C-BCFE-8A8A45CD5C54}.Debug|iPhoneSimulator.ActiveCfg = Debug|Any CPU
		{9FE32B93-AB5E-430C-BCFE-8A8A45CD5C54}.Debug|iPhoneSimulator.Build.0 = Debug|Any CPU
		{9FE32B93-AB5E-430C-BCFE-8A8A45CD5C54}.Debug|x64.ActiveCfg = Debug|Any CPU
		{9FE32B93-AB5E-430C-BCFE-8A8A45CD5C54}.Debug|x64.Build.0 = Debug|Any CPU
		{9FE32B93-AB5E-430C-BCFE-8A8A45CD5C54}.Debug|x86.ActiveCfg = Debug|Any CPU
		{9FE32B93-AB5E-430C-BCFE-8A8A45CD5C54}.Debug|x86.Build.0 = Debug|Any CPU
		{9FE32B93-AB5E-430C-BCFE-8A8A45CD5C54}.Release|Any CPU.ActiveCfg = Release|Any CPU
		{9FE32B93-AB5E-430C-BCFE-8A8A45CD5C54}.Release|Any CPU.Build.0 = Release|Any CPU
		{9FE32B93-AB5E-430C-BCFE-8A8A45CD5C54}.Release|ARM.ActiveCfg = Release|Any CPU
		{9FE32B93-AB5E-430C-BCFE-8A8A45CD5C54}.Release|ARM.Build.0 = Release|Any CPU
		{9FE32B93-AB5E-430C-BCFE-8A8A45CD5C54}.Release|iPhone.ActiveCfg = Release|Any CPU
		{9FE32B93-AB5E-430C-BCFE-8A8A45CD5C54}.Release|iPhone.Build.0 = Release|Any CPU
		{9FE32B93-AB5E-430C-BCFE-8A8A45CD5C54}.Release|iPhoneSimulator.ActiveCfg = Release|Any CPU
		{9FE32B93-AB5E-430C-BCFE-8A8A45CD5C54}.Release|iPhoneSimulator.Build.0 = Release|Any CPU
		{9FE32B93-AB5E-430C-BCFE-8A8A45CD5C54}.Release|x64.ActiveCfg = Release|Any CPU
		{9FE32B93-AB5E-430C-BCFE-8A8A45CD5C54}.Release|x64.Build.0 = Release|Any CPU
		{9FE32B93-AB5E-430C-BCFE-8A8A45CD5C54}.Release|x86.ActiveCfg = Release|Any CPU
		{9FE32B93-AB5E-430C-BCFE-8A8A45CD5C54}.Release|x86.Build.0 = Release|Any CPU
	EndGlobalSection
	GlobalSection(SolutionProperties) = preSolution
		HideSolutionNode = FALSE
	EndGlobalSection
	GlobalSection(ExtensibilityGlobals) = postSolution
		SolutionGuid = {40AC7E77-A3F0-4C5C-81A3-38361AA80EC0}
	EndGlobalSection
EndGlobal
